// !$*UTF8*$!
{
	archiveVersion = 1;
	classes = {
	};
	objectVersion = 55;
	objects = {

/* Begin PBXBuildFile section */
		601B4CA611832A074AA8F2B8 /* Pods_URL_Shortner_App.framework in Frameworks */ = {isa = PBXBuildFile; fileRef = 01AF0A06E4C55017EE11FF31 /* Pods_URL_Shortner_App.framework */; };
		7B51432228D357FC003BFBC9 /* URLShorterViewController.swift in Sources */ = {isa = PBXBuildFile; fileRef = 7B51432128D357FC003BFBC9 /* URLShorterViewController.swift */; };
		7B588A6028F44C4900D44AAE /* DataModel.xcdatamodeld in Sources */ = {isa = PBXBuildFile; fileRef = 7B588A5E28F44C4900D44AAE /* DataModel.xcdatamodeld */; };
		7B588A6328F457E600D44AAE /* UrlData+CoreDataClass.swift in Sources */ = {isa = PBXBuildFile; fileRef = 7B588A6128F457E600D44AAE /* UrlData+CoreDataClass.swift */; };
		7B588A6428F457E600D44AAE /* UrlData+CoreDataProperties.swift in Sources */ = {isa = PBXBuildFile; fileRef = 7B588A6228F457E600D44AAE /* UrlData+CoreDataProperties.swift */; };
		7B59951428D4BCA300860514 /* Poppins-Thin.ttf in Resources */ = {isa = PBXBuildFile; fileRef = 7B59950F28D4BCA200860514 /* Poppins-Thin.ttf */; };
		7B59951528D4BCA300860514 /* Poppins-Light.ttf in Resources */ = {isa = PBXBuildFile; fileRef = 7B59951028D4BCA200860514 /* Poppins-Light.ttf */; };
		7B59951628D4BCA300860514 /* Poppins-Medium.ttf in Resources */ = {isa = PBXBuildFile; fileRef = 7B59951128D4BCA200860514 /* Poppins-Medium.ttf */; };
		7B59951728D4BCA300860514 /* Poppins-Bold.ttf in Resources */ = {isa = PBXBuildFile; fileRef = 7B59951228D4BCA300860514 /* Poppins-Bold.ttf */; };
		7B59951828D4BCA300860514 /* Poppins-Regular.ttf in Resources */ = {isa = PBXBuildFile; fileRef = 7B59951328D4BCA300860514 /* Poppins-Regular.ttf */; };
		7BD8E85628D30A55007CC8A2 /* AppDelegate.swift in Sources */ = {isa = PBXBuildFile; fileRef = 7BD8E85528D30A55007CC8A2 /* AppDelegate.swift */; };
		7BD8E85828D30A55007CC8A2 /* SceneDelegate.swift in Sources */ = {isa = PBXBuildFile; fileRef = 7BD8E85728D30A55007CC8A2 /* SceneDelegate.swift */; };
		7BD8E85A28D30A55007CC8A2 /* ViewController.swift in Sources */ = {isa = PBXBuildFile; fileRef = 7BD8E85928D30A55007CC8A2 /* ViewController.swift */; };
		7BD8E85D28D30A55007CC8A2 /* Main.storyboard in Resources */ = {isa = PBXBuildFile; fileRef = 7BD8E85B28D30A55007CC8A2 /* Main.storyboard */; };
		7BD8E85F28D30A56007CC8A2 /* Assets.xcassets in Resources */ = {isa = PBXBuildFile; fileRef = 7BD8E85E28D30A56007CC8A2 /* Assets.xcassets */; };
		7BD8E86228D30A56007CC8A2 /* LaunchScreen.storyboard in Resources */ = {isa = PBXBuildFile; fileRef = 7BD8E86028D30A56007CC8A2 /* LaunchScreen.storyboard */; };
		7BD8E86D28D30A56007CC8A2 /* URL_Shortner_AppTests.swift in Sources */ = {isa = PBXBuildFile; fileRef = 7BD8E86C28D30A56007CC8A2 /* URL_Shortner_AppTests.swift */; };
		7BD8E87728D30A56007CC8A2 /* URL_Shortner_AppUITests.swift in Sources */ = {isa = PBXBuildFile; fileRef = 7BD8E87628D30A56007CC8A2 /* URL_Shortner_AppUITests.swift */; };
		7BD8E87928D30A56007CC8A2 /* URL_Shortner_AppUITestsLaunchTests.swift in Sources */ = {isa = PBXBuildFile; fileRef = 7BD8E87828D30A56007CC8A2 /* URL_Shortner_AppUITestsLaunchTests.swift */; };
		98DB10515E42202B6F9C6E06 /* Pods_URL_Shortner_AppTests.framework in Frameworks */ = {isa = PBXBuildFile; fileRef = B74583C9B73463F20E0369D7 /* Pods_URL_Shortner_AppTests.framework */; };
		C4713DFA4DB2E8870E847DF9 /* Pods_URL_Shortner_App_URL_Shortner_AppUITests.framework in Frameworks */ = {isa = PBXBuildFile; fileRef = 546C981E980D20DCE4849815 /* Pods_URL_Shortner_App_URL_Shortner_AppUITests.framework */; };
/* End PBXBuildFile section */

/* Begin PBXContainerItemProxy section */
		7BD8E86928D30A56007CC8A2 /* PBXContainerItemProxy */ = {
			isa = PBXContainerItemProxy;
			containerPortal = 7BD8E84A28D30A55007CC8A2 /* Project object */;
			proxyType = 1;
			remoteGlobalIDString = 7BD8E85128D30A55007CC8A2;
			remoteInfo = "URL Shortner App";
		};
		7BD8E87328D30A56007CC8A2 /* PBXContainerItemProxy */ = {
			isa = PBXContainerItemProxy;
			containerPortal = 7BD8E84A28D30A55007CC8A2 /* Project object */;
			proxyType = 1;
			remoteGlobalIDString = 7BD8E85128D30A55007CC8A2;
			remoteInfo = "URL Shortner App";
		};
/* End PBXContainerItemProxy section */

/* Begin PBXFileReference section */
		01AF0A06E4C55017EE11FF31 /* Pods_URL_Shortner_App.framework */ = {isa = PBXFileReference; explicitFileType = wrapper.framework; includeInIndex = 0; path = Pods_URL_Shortner_App.framework; sourceTree = BUILT_PRODUCTS_DIR; };
		3396DE6E7557D26CE9121D15 /* Pods-URL Shortner App-URL Shortner AppUITests.release.xcconfig */ = {isa = PBXFileReference; includeInIndex = 1; lastKnownFileType = text.xcconfig; name = "Pods-URL Shortner App-URL Shortner AppUITests.release.xcconfig"; path = "Target Support Files/Pods-URL Shortner App-URL Shortner AppUITests/Pods-URL Shortner App-URL Shortner AppUITests.release.xcconfig"; sourceTree = "<group>"; };
		3EC82ABADC01839B97D07AAF /* Pods-URL Shortner App-URL Shortner AppUITests.debug.xcconfig */ = {isa = PBXFileReference; includeInIndex = 1; lastKnownFileType = text.xcconfig; name = "Pods-URL Shortner App-URL Shortner AppUITests.debug.xcconfig"; path = "Target Support Files/Pods-URL Shortner App-URL Shortner AppUITests/Pods-URL Shortner App-URL Shortner AppUITests.debug.xcconfig"; sourceTree = "<group>"; };
		45F7123ED91439D3C29C2F68 /* Pods-URL Shortner App.release.xcconfig */ = {isa = PBXFileReference; includeInIndex = 1; lastKnownFileType = text.xcconfig; name = "Pods-URL Shortner App.release.xcconfig"; path = "Target Support Files/Pods-URL Shortner App/Pods-URL Shortner App.release.xcconfig"; sourceTree = "<group>"; };
		546C981E980D20DCE4849815 /* Pods_URL_Shortner_App_URL_Shortner_AppUITests.framework */ = {isa = PBXFileReference; explicitFileType = wrapper.framework; includeInIndex = 0; path = Pods_URL_Shortner_App_URL_Shortner_AppUITests.framework; sourceTree = BUILT_PRODUCTS_DIR; };
		7B51432128D357FC003BFBC9 /* URLShorterViewController.swift */ = {isa = PBXFileReference; lastKnownFileType = sourcecode.swift; path = URLShorterViewController.swift; sourceTree = "<group>"; };
		7B588A5F28F44C4900D44AAE /* DataModel.xcdatamodel */ = {isa = PBXFileReference; lastKnownFileType = wrapper.xcdatamodel; path = DataModel.xcdatamodel; sourceTree = "<group>"; };
		7B588A6128F457E600D44AAE /* UrlData+CoreDataClass.swift */ = {isa = PBXFileReference; lastKnownFileType = sourcecode.swift; path = "UrlData+CoreDataClass.swift"; sourceTree = SOURCE_ROOT; };
		7B588A6228F457E600D44AAE /* UrlData+CoreDataProperties.swift */ = {isa = PBXFileReference; lastKnownFileType = sourcecode.swift; path = "UrlData+CoreDataProperties.swift"; sourceTree = SOURCE_ROOT; };
		7B59950D28D4BC5100860514 /* Fonts.zip */ = {isa = PBXFileReference; lastKnownFileType = archive.zip; path = Fonts.zip; sourceTree = "<group>"; };
		7B59950F28D4BCA200860514 /* Poppins-Thin.ttf */ = {isa = PBXFileReference; lastKnownFileType = file; path = "Poppins-Thin.ttf"; sourceTree = "<group>"; };
		7B59951028D4BCA200860514 /* Poppins-Light.ttf */ = {isa = PBXFileReference; lastKnownFileType = file; path = "Poppins-Light.ttf"; sourceTree = "<group>"; };
		7B59951128D4BCA200860514 /* Poppins-Medium.ttf */ = {isa = PBXFileReference; lastKnownFileType = file; path = "Poppins-Medium.ttf"; sourceTree = "<group>"; };
		7B59951228D4BCA300860514 /* Poppins-Bold.ttf */ = {isa = PBXFileReference; lastKnownFileType = file; path = "Poppins-Bold.ttf"; sourceTree = "<group>"; };
		7B59951328D4BCA300860514 /* Poppins-Regular.ttf */ = {isa = PBXFileReference; lastKnownFileType = file; path = "Poppins-Regular.ttf"; sourceTree = "<group>"; };
		7BD8E85228D30A55007CC8A2 /* URL Shortner App.app */ = {isa = PBXFileReference; explicitFileType = wrapper.application; includeInIndex = 0; path = "URL Shortner App.app"; sourceTree = BUILT_PRODUCTS_DIR; };
		7BD8E85528D30A55007CC8A2 /* AppDelegate.swift */ = {isa = PBXFileReference; lastKnownFileType = sourcecode.swift; path = AppDelegate.swift; sourceTree = "<group>"; };
		7BD8E85728D30A55007CC8A2 /* SceneDelegate.swift */ = {isa = PBXFileReference; lastKnownFileType = sourcecode.swift; path = SceneDelegate.swift; sourceTree = "<group>"; };
		7BD8E85928D30A55007CC8A2 /* ViewController.swift */ = {isa = PBXFileReference; lastKnownFileType = sourcecode.swift; path = ViewController.swift; sourceTree = "<group>"; };
		7BD8E85C28D30A55007CC8A2 /* Base */ = {isa = PBXFileReference; lastKnownFileType = file.storyboard; name = Base; path = Base.lproj/Main.storyboard; sourceTree = "<group>"; };
		7BD8E85E28D30A56007CC8A2 /* Assets.xcassets */ = {isa = PBXFileReference; lastKnownFileType = folder.assetcatalog; path = Assets.xcassets; sourceTree = "<group>"; };
		7BD8E86128D30A56007CC8A2 /* Base */ = {isa = PBXFileReference; lastKnownFileType = file.storyboard; name = Base; path = Base.lproj/LaunchScreen.storyboard; sourceTree = "<group>"; };
		7BD8E86328D30A56007CC8A2 /* Info.plist */ = {isa = PBXFileReference; lastKnownFileType = text.plist.xml; path = Info.plist; sourceTree = "<group>"; };
		7BD8E86828D30A56007CC8A2 /* URL Shortner AppTests.xctest */ = {isa = PBXFileReference; explicitFileType = wrapper.cfbundle; includeInIndex = 0; path = "URL Shortner AppTests.xctest"; sourceTree = BUILT_PRODUCTS_DIR; };
		7BD8E86C28D30A56007CC8A2 /* URL_Shortner_AppTests.swift */ = {isa = PBXFileReference; lastKnownFileType = sourcecode.swift; path = URL_Shortner_AppTests.swift; sourceTree = "<group>"; };
		7BD8E87228D30A56007CC8A2 /* URL Shortner AppUITests.xctest */ = {isa = PBXFileReference; explicitFileType = wrapper.cfbundle; includeInIndex = 0; path = "URL Shortner AppUITests.xctest"; sourceTree = BUILT_PRODUCTS_DIR; };
		7BD8E87628D30A56007CC8A2 /* URL_Shortner_AppUITests.swift */ = {isa = PBXFileReference; lastKnownFileType = sourcecode.swift; path = URL_Shortner_AppUITests.swift; sourceTree = "<group>"; };
		7BD8E87828D30A56007CC8A2 /* URL_Shortner_AppUITestsLaunchTests.swift */ = {isa = PBXFileReference; lastKnownFileType = sourcecode.swift; path = URL_Shortner_AppUITestsLaunchTests.swift; sourceTree = "<group>"; };
		8BC170978C118E8467CAE274 /* Pods-URL Shortner App.debug.xcconfig */ = {isa = PBXFileReference; includeInIndex = 1; lastKnownFileType = text.xcconfig; name = "Pods-URL Shortner App.debug.xcconfig"; path = "Target Support Files/Pods-URL Shortner App/Pods-URL Shortner App.debug.xcconfig"; sourceTree = "<group>"; };
		B74583C9B73463F20E0369D7 /* Pods_URL_Shortner_AppTests.framework */ = {isa = PBXFileReference; explicitFileType = wrapper.framework; includeInIndex = 0; path = Pods_URL_Shortner_AppTests.framework; sourceTree = BUILT_PRODUCTS_DIR; };
		DC03B2FED77032B239159948 /* Pods-URL Shortner AppTests.debug.xcconfig */ = {isa = PBXFileReference; includeInIndex = 1; lastKnownFileType = text.xcconfig; name = "Pods-URL Shortner AppTests.debug.xcconfig"; path = "Target Support Files/Pods-URL Shortner AppTests/Pods-URL Shortner AppTests.debug.xcconfig"; sourceTree = "<group>"; };
		EFED59E148E2B1CE12C7D311 /* Pods-URL Shortner AppTests.release.xcconfig */ = {isa = PBXFileReference; includeInIndex = 1; lastKnownFileType = text.xcconfig; name = "Pods-URL Shortner AppTests.release.xcconfig"; path = "Target Support Files/Pods-URL Shortner AppTests/Pods-URL Shortner AppTests.release.xcconfig"; sourceTree = "<group>"; };
/* End PBXFileReference section */

/* Begin PBXFrameworksBuildPhase section */
		7BD8E84F28D30A55007CC8A2 /* Frameworks */ = {
			isa = PBXFrameworksBuildPhase;
			buildActionMask = 2147483647;
			files = (
				601B4CA611832A074AA8F2B8 /* Pods_URL_Shortner_App.framework in Frameworks */,
			);
			runOnlyForDeploymentPostprocessing = 0;
		};
		7BD8E86528D30A56007CC8A2 /* Frameworks */ = {
			isa = PBXFrameworksBuildPhase;
			buildActionMask = 2147483647;
			files = (
				98DB10515E42202B6F9C6E06 /* Pods_URL_Shortner_AppTests.framework in Frameworks */,
			);
			runOnlyForDeploymentPostprocessing = 0;
		};
		7BD8E86F28D30A56007CC8A2 /* Frameworks */ = {
			isa = PBXFrameworksBuildPhase;
			buildActionMask = 2147483647;
			files = (
				C4713DFA4DB2E8870E847DF9 /* Pods_URL_Shortner_App_URL_Shortner_AppUITests.framework in Frameworks */,
			);
			runOnlyForDeploymentPostprocessing = 0;
		};
/* End PBXFrameworksBuildPhase section */

/* Begin PBXGroup section */
		7B59950A28D4BB4500860514 /* Resources */ = {
			isa = PBXGroup;
			children = (
				7B59951228D4BCA300860514 /* Poppins-Bold.ttf */,
				7B59951028D4BCA200860514 /* Poppins-Light.ttf */,
				7B59951128D4BCA200860514 /* Poppins-Medium.ttf */,
				7B59951328D4BCA300860514 /* Poppins-Regular.ttf */,
				7B59950F28D4BCA200860514 /* Poppins-Thin.ttf */,
			);
			path = Resources;
			sourceTree = "<group>";
		};
		7BD8E84928D30A55007CC8A2 = {
			isa = PBXGroup;
			children = (
				7BD8E85428D30A55007CC8A2 /* URL Shortner App */,
				7BD8E86B28D30A56007CC8A2 /* URL Shortner AppTests */,
				7BD8E87528D30A56007CC8A2 /* URL Shortner AppUITests */,
				7BD8E85328D30A55007CC8A2 /* Products */,
				A33C6535842660A6ADF00B4A /* Pods */,
				CDAC8C99F4B71AF869E3E747 /* Frameworks */,
			);
			sourceTree = "<group>";
		};
		7BD8E85328D30A55007CC8A2 /* Products */ = {
			isa = PBXGroup;
			children = (
				7BD8E85228D30A55007CC8A2 /* URL Shortner App.app */,
				7BD8E86828D30A56007CC8A2 /* URL Shortner AppTests.xctest */,
				7BD8E87228D30A56007CC8A2 /* URL Shortner AppUITests.xctest */,
			);
			name = Products;
			sourceTree = "<group>";
		};
		7BD8E85428D30A55007CC8A2 /* URL Shortner App */ = {
			isa = PBXGroup;
			children = (
				7B588A6128F457E600D44AAE /* UrlData+CoreDataClass.swift */,
				7B588A6228F457E600D44AAE /* UrlData+CoreDataProperties.swift */,
				7B59950D28D4BC5100860514 /* Fonts.zip */,
				7BD8E85528D30A55007CC8A2 /* AppDelegate.swift */,
				7BD8E85728D30A55007CC8A2 /* SceneDelegate.swift */,
				7BD8E85928D30A55007CC8A2 /* ViewController.swift */,
				7B51432128D357FC003BFBC9 /* URLShorterViewController.swift */,
				7B588A5E28F44C4900D44AAE /* DataModel.xcdatamodeld */,
				7BD8E85B28D30A55007CC8A2 /* Main.storyboard */,
				7BD8E85E28D30A56007CC8A2 /* Assets.xcassets */,
				7BD8E86028D30A56007CC8A2 /* LaunchScreen.storyboard */,
				7BD8E86328D30A56007CC8A2 /* Info.plist */,
				7B59950A28D4BB4500860514 /* Resources */,
			);
			path = "URL Shortner App";
			sourceTree = "<group>";
		};
		7BD8E86B28D30A56007CC8A2 /* URL Shortner AppTests */ = {
			isa = PBXGroup;
			children = (
				7BD8E86C28D30A56007CC8A2 /* URL_Shortner_AppTests.swift */,
			);
			path = "URL Shortner AppTests";
			sourceTree = "<group>";
		};
		7BD8E87528D30A56007CC8A2 /* URL Shortner AppUITests */ = {
			isa = PBXGroup;
			children = (
				7BD8E87628D30A56007CC8A2 /* URL_Shortner_AppUITests.swift */,
				7BD8E87828D30A56007CC8A2 /* URL_Shortner_AppUITestsLaunchTests.swift */,
			);
			path = "URL Shortner AppUITests";
			sourceTree = "<group>";
		};
		A33C6535842660A6ADF00B4A /* Pods */ = {
			isa = PBXGroup;
			children = (
				8BC170978C118E8467CAE274 /* Pods-URL Shortner App.debug.xcconfig */,
				45F7123ED91439D3C29C2F68 /* Pods-URL Shortner App.release.xcconfig */,
				3EC82ABADC01839B97D07AAF /* Pods-URL Shortner App-URL Shortner AppUITests.debug.xcconfig */,
				3396DE6E7557D26CE9121D15 /* Pods-URL Shortner App-URL Shortner AppUITests.release.xcconfig */,
				DC03B2FED77032B239159948 /* Pods-URL Shortner AppTests.debug.xcconfig */,
				EFED59E148E2B1CE12C7D311 /* Pods-URL Shortner AppTests.release.xcconfig */,
			);
			path = Pods;
			sourceTree = "<group>";
		};
		CDAC8C99F4B71AF869E3E747 /* Frameworks */ = {
			isa = PBXGroup;
			children = (
				01AF0A06E4C55017EE11FF31 /* Pods_URL_Shortner_App.framework */,
				546C981E980D20DCE4849815 /* Pods_URL_Shortner_App_URL_Shortner_AppUITests.framework */,
				B74583C9B73463F20E0369D7 /* Pods_URL_Shortner_AppTests.framework */,
			);
			name = Frameworks;
			sourceTree = "<group>";
		};
/* End PBXGroup section */

/* Begin PBXNativeTarget section */
		7BD8E85128D30A55007CC8A2 /* URL Shortner App */ = {
			isa = PBXNativeTarget;
			buildConfigurationList = 7BD8E87C28D30A56007CC8A2 /* Build configuration list for PBXNativeTarget "URL Shortner App" */;
			buildPhases = (
				AF0EB04EB67F2101A43D7492 /* [CP] Check Pods Manifest.lock */,
				7BD8E84E28D30A55007CC8A2 /* Sources */,
				7BD8E84F28D30A55007CC8A2 /* Frameworks */,
				7BD8E85028D30A55007CC8A2 /* Resources */,
			);
			buildRules = (
			);
			dependencies = (
			);
			name = "URL Shortner App";
			productName = "URL Shortner App";
			productReference = 7BD8E85228D30A55007CC8A2 /* URL Shortner App.app */;
			productType = "com.apple.product-type.application";
		};
		7BD8E86728D30A56007CC8A2 /* URL Shortner AppTests */ = {
			isa = PBXNativeTarget;
			buildConfigurationList = 7BD8E87F28D30A56007CC8A2 /* Build configuration list for PBXNativeTarget "URL Shortner AppTests" */;
			buildPhases = (
				BF7117BF1E43A2766386B9CD /* [CP] Check Pods Manifest.lock */,
				7BD8E86428D30A56007CC8A2 /* Sources */,
				7BD8E86528D30A56007CC8A2 /* Frameworks */,
				7BD8E86628D30A56007CC8A2 /* Resources */,
			);
			buildRules = (
			);
			dependencies = (
				7BD8E86A28D30A56007CC8A2 /* PBXTargetDependency */,
			);
			name = "URL Shortner AppTests";
			productName = "URL Shortner AppTests";
			productReference = 7BD8E86828D30A56007CC8A2 /* URL Shortner AppTests.xctest */;
			productType = "com.apple.product-type.bundle.unit-test";
		};
		7BD8E87128D30A56007CC8A2 /* URL Shortner AppUITests */ = {
			isa = PBXNativeTarget;
			buildConfigurationList = 7BD8E88228D30A56007CC8A2 /* Build configuration list for PBXNativeTarget "URL Shortner AppUITests" */;
			buildPhases = (
				897866D23913EF35169CBD52 /* [CP] Check Pods Manifest.lock */,
				7BD8E86E28D30A56007CC8A2 /* Sources */,
				7BD8E86F28D30A56007CC8A2 /* Frameworks */,
				7BD8E87028D30A56007CC8A2 /* Resources */,
			);
			buildRules = (
			);
			dependencies = (
				7BD8E87428D30A56007CC8A2 /* PBXTargetDependency */,
			);
			name = "URL Shortner AppUITests";
			productName = "URL Shortner AppUITests";
			productReference = 7BD8E87228D30A56007CC8A2 /* URL Shortner AppUITests.xctest */;
			productType = "com.apple.product-type.bundle.ui-testing";
		};
/* End PBXNativeTarget section */

/* Begin PBXProject section */
		7BD8E84A28D30A55007CC8A2 /* Project object */ = {
			isa = PBXProject;
			attributes = {
				BuildIndependentTargetsInParallel = 1;
				LastSwiftUpdateCheck = 1400;
				LastUpgradeCheck = 1400;
				TargetAttributes = {
					7BD8E85128D30A55007CC8A2 = {
						CreatedOnToolsVersion = 14.0;
					};
					7BD8E86728D30A56007CC8A2 = {
						CreatedOnToolsVersion = 14.0;
						TestTargetID = 7BD8E85128D30A55007CC8A2;
					};
					7BD8E87128D30A56007CC8A2 = {
						CreatedOnToolsVersion = 14.0;
						TestTargetID = 7BD8E85128D30A55007CC8A2;
					};
				};
			};
			buildConfigurationList = 7BD8E84D28D30A55007CC8A2 /* Build configuration list for PBXProject "URL Shortner App" */;
			compatibilityVersion = "Xcode 13.0";
			developmentRegion = en;
			hasScannedForEncodings = 0;
			knownRegions = (
				en,
				Base,
			);
			mainGroup = 7BD8E84928D30A55007CC8A2;
			productRefGroup = 7BD8E85328D30A55007CC8A2 /* Products */;
			projectDirPath = "";
			projectRoot = "";
			targets = (
				7BD8E85128D30A55007CC8A2 /* URL Shortner App */,
				7BD8E86728D30A56007CC8A2 /* URL Shortner AppTests */,
				7BD8E87128D30A56007CC8A2 /* URL Shortner AppUITests */,
			);
		};
/* End PBXProject section */

/* Begin PBXResourcesBuildPhase section */
		7BD8E85028D30A55007CC8A2 /* Resources */ = {
			isa = PBXResourcesBuildPhase;
			buildActionMask = 2147483647;
			files = (
				7BD8E86228D30A56007CC8A2 /* LaunchScreen.storyboard in Resources */,
				7B59951528D4BCA300860514 /* Poppins-Light.ttf in Resources */,
				7B59951728D4BCA300860514 /* Poppins-Bold.ttf in Resources */,
				7B59951428D4BCA300860514 /* Poppins-Thin.ttf in Resources */,
				7B59951628D4BCA300860514 /* Poppins-Medium.ttf in Resources */,
				7BD8E85F28D30A56007CC8A2 /* Assets.xcassets in Resources */,
				7BD8E85D28D30A55007CC8A2 /* Main.storyboard in Resources */,
				7B59951828D4BCA300860514 /* Poppins-Regular.ttf in Resources */,
			);
			runOnlyForDeploymentPostprocessing = 0;
		};
		7BD8E86628D30A56007CC8A2 /* Resources */ = {
			isa = PBXResourcesBuildPhase;
			buildActionMask = 2147483647;
			files = (
			);
			runOnlyForDeploymentPostprocessing = 0;
		};
		7BD8E87028D30A56007CC8A2 /* Resources */ = {
			isa = PBXResourcesBuildPhase;
			buildActionMask = 2147483647;
			files = (
			);
			runOnlyForDeploymentPostprocessing = 0;
		};
/* End PBXResourcesBuildPhase section */

/* Begin PBXShellScriptBuildPhase section */
		897866D23913EF35169CBD52 /* [CP] Check Pods Manifest.lock */ = {
			isa = PBXShellScriptBuildPhase;
			buildActionMask = 2147483647;
			files = (
			);
			inputFileListPaths = (
			);
			inputPaths = (
				"${PODS_PODFILE_DIR_PATH}/Podfile.lock",
				"${PODS_ROOT}/Manifest.lock",
			);
			name = "[CP] Check Pods Manifest.lock";
			outputFileListPaths = (
			);
			outputPaths = (
				"$(DERIVED_FILE_DIR)/Pods-URL Shortner App-URL Shortner AppUITests-checkManifestLockResult.txt",
			);
			runOnlyForDeploymentPostprocessing = 0;
			shellPath = /bin/sh;
			shellScript = "diff \"${PODS_PODFILE_DIR_PATH}/Podfile.lock\" \"${PODS_ROOT}/Manifest.lock\" > /dev/null\nif [ $? != 0 ] ; then\n    # print error to STDERR\n    echo \"error: The sandbox is not in sync with the Podfile.lock. Run 'pod install' or update your CocoaPods installation.\" >&2\n    exit 1\nfi\n# This output is used by Xcode 'outputs' to avoid re-running this script phase.\necho \"SUCCESS\" > \"${SCRIPT_OUTPUT_FILE_0}\"\n";
			showEnvVarsInLog = 0;
		};
		AF0EB04EB67F2101A43D7492 /* [CP] Check Pods Manifest.lock */ = {
			isa = PBXShellScriptBuildPhase;
			buildActionMask = 2147483647;
			files = (
			);
			inputFileListPaths = (
			);
			inputPaths = (
				"${PODS_PODFILE_DIR_PATH}/Podfile.lock",
				"${PODS_ROOT}/Manifest.lock",
			);
			name = "[CP] Check Pods Manifest.lock";
			outputFileListPaths = (
			);
			outputPaths = (
				"$(DERIVED_FILE_DIR)/Pods-URL Shortner App-checkManifestLockResult.txt",
			);
			runOnlyForDeploymentPostprocessing = 0;
			shellPath = /bin/sh;
			shellScript = "diff \"${PODS_PODFILE_DIR_PATH}/Podfile.lock\" \"${PODS_ROOT}/Manifest.lock\" > /dev/null\nif [ $? != 0 ] ; then\n    # print error to STDERR\n    echo \"error: The sandbox is not in sync with the Podfile.lock. Run 'pod install' or update your CocoaPods installation.\" >&2\n    exit 1\nfi\n# This output is used by Xcode 'outputs' to avoid re-running this script phase.\necho \"SUCCESS\" > \"${SCRIPT_OUTPUT_FILE_0}\"\n";
			showEnvVarsInLog = 0;
		};
		BF7117BF1E43A2766386B9CD /* [CP] Check Pods Manifest.lock */ = {
			isa = PBXShellScriptBuildPhase;
			buildActionMask = 2147483647;
			files = (
			);
			inputFileListPaths = (
			);
			inputPaths = (
				"${PODS_PODFILE_DIR_PATH}/Podfile.lock",
				"${PODS_ROOT}/Manifest.lock",
			);
			name = "[CP] Check Pods Manifest.lock";
			outputFileListPaths = (
			);
			outputPaths = (
				"$(DERIVED_FILE_DIR)/Pods-URL Shortner AppTests-checkManifestLockResult.txt",
			);
			runOnlyForDeploymentPostprocessing = 0;
			shellPath = /bin/sh;
			shellScript = "diff \"${PODS_PODFILE_DIR_PATH}/Podfile.lock\" \"${PODS_ROOT}/Manifest.lock\" > /dev/null\nif [ $? != 0 ] ; then\n    # print error to STDERR\n    echo \"error: The sandbox is not in sync with the Podfile.lock. Run 'pod install' or update your CocoaPods installation.\" >&2\n    exit 1\nfi\n# This output is used by Xcode 'outputs' to avoid re-running this script phase.\necho \"SUCCESS\" > \"${SCRIPT_OUTPUT_FILE_0}\"\n";
			showEnvVarsInLog = 0;
		};
/* End PBXShellScriptBuildPhase section */

/* Begin PBXSourcesBuildPhase section */
		7BD8E84E28D30A55007CC8A2 /* Sources */ = {
			isa = PBXSourcesBuildPhase;
			buildActionMask = 2147483647;
			files = (
				7B588A6428F457E600D44AAE /* UrlData+CoreDataProperties.swift in Sources */,
				7BD8E85A28D30A55007CC8A2 /* ViewController.swift in Sources */,
				7B588A6028F44C4900D44AAE /* DataModel.xcdatamodeld in Sources */,
				7BD8E85628D30A55007CC8A2 /* AppDelegate.swift in Sources */,
				7B588A6328F457E600D44AAE /* UrlData+CoreDataClass.swift in Sources */,
				7B51432228D357FC003BFBC9 /* URLShorterViewController.swift in Sources */,
				7BD8E85828D30A55007CC8A2 /* SceneDelegate.swift in Sources */,
			);
			runOnlyForDeploymentPostprocessing = 0;
		};
		7BD8E86428D30A56007CC8A2 /* Sources */ = {
			isa = PBXSourcesBuildPhase;
			buildActionMask = 2147483647;
			files = (
				7BD8E86D28D30A56007CC8A2 /* URL_Shortner_AppTests.swift in Sources */,
			);
			runOnlyForDeploymentPostprocessing = 0;
		};
		7BD8E86E28D30A56007CC8A2 /* Sources */ = {
			isa = PBXSourcesBuildPhase;
			buildActionMask = 2147483647;
			files = (
				7BD8E87728D30A56007CC8A2 /* URL_Shortner_AppUITests.swift in Sources */,
				7BD8E87928D30A56007CC8A2 /* URL_Shortner_AppUITestsLaunchTests.swift in Sources */,
			);
			runOnlyForDeploymentPostprocessing = 0;
		};
/* End PBXSourcesBuildPhase section */

/* Begin PBXTargetDependency section */
		7BD8E86A28D30A56007CC8A2 /* PBXTargetDependency */ = {
			isa = PBXTargetDependency;
			target = 7BD8E85128D30A55007CC8A2 /* URL Shortner App */;
			targetProxy = 7BD8E86928D30A56007CC8A2 /* PBXContainerItemProxy */;
		};
		7BD8E87428D30A56007CC8A2 /* PBXTargetDependency */ = {
			isa = PBXTargetDependency;
			target = 7BD8E85128D30A55007CC8A2 /* URL Shortner App */;
			targetProxy = 7BD8E87328D30A56007CC8A2 /* PBXContainerItemProxy */;
		};
/* End PBXTargetDependency section */

/* Begin PBXVariantGroup section */
		7BD8E85B28D30A55007CC8A2 /* Main.storyboard */ = {
			isa = PBXVariantGroup;
			children = (
				7BD8E85C28D30A55007CC8A2 /* Base */,
			);
			name = Main.storyboard;
			sourceTree = "<group>";
		};
		7BD8E86028D30A56007CC8A2 /* LaunchScreen.storyboard */ = {
			isa = PBXVariantGroup;
			children = (
				7BD8E86128D30A56007CC8A2 /* Base */,
			);
			name = LaunchScreen.storyboard;
			sourceTree = "<group>";
		};
/* End PBXVariantGroup section */

/* Begin XCBuildConfiguration section */
		7BD8E87A28D30A56007CC8A2 /* Debug */ = {
			isa = XCBuildConfiguration;
			buildSettings = {
				ALWAYS_SEARCH_USER_PATHS = NO;
				CLANG_ANALYZER_NONNULL = YES;
				CLANG_ANALYZER_NUMBER_OBJECT_CONVERSION = YES_AGGRESSIVE;
				CLANG_CXX_LANGUAGE_STANDARD = "gnu++20";
				CLANG_ENABLE_MODULES = YES;
				CLANG_ENABLE_OBJC_ARC = YES;
				CLANG_ENABLE_OBJC_WEAK = YES;
				CLANG_WARN_BLOCK_CAPTURE_AUTORELEASING = YES;
				CLANG_WARN_BOOL_CONVERSION = YES;
				CLANG_WARN_COMMA = YES;
				CLANG_WARN_CONSTANT_CONVERSION = YES;
				CLANG_WARN_DEPRECATED_OBJC_IMPLEMENTATIONS = YES;
				CLANG_WARN_DIRECT_OBJC_ISA_USAGE = YES_ERROR;
				CLANG_WARN_DOCUMENTATION_COMMENTS = YES;
				CLANG_WARN_EMPTY_BODY = YES;
				CLANG_WARN_ENUM_CONVERSION = YES;
				CLANG_WARN_INFINITE_RECURSION = YES;
				CLANG_WARN_INT_CONVERSION = YES;
				CLANG_WARN_NON_LITERAL_NULL_CONVERSION = YES;
				CLANG_WARN_OBJC_IMPLICIT_RETAIN_SELF = YES;
				CLANG_WARN_OBJC_LITERAL_CONVERSION = YES;
				CLANG_WARN_OBJC_ROOT_CLASS = YES_ERROR;
				CLANG_WARN_QUOTED_INCLUDE_IN_FRAMEWORK_HEADER = YES;
				CLANG_WARN_RANGE_LOOP_ANALYSIS = YES;
				CLANG_WARN_STRICT_PROTOTYPES = YES;
				CLANG_WARN_SUSPICIOUS_MOVE = YES;
				CLANG_WARN_UNGUARDED_AVAILABILITY = YES_AGGRESSIVE;
				CLANG_WARN_UNREACHABLE_CODE = YES;
				CLANG_WARN__DUPLICATE_METHOD_MATCH = YES;
				COPY_PHASE_STRIP = NO;
				DEBUG_INFORMATION_FORMAT = dwarf;
				ENABLE_STRICT_OBJC_MSGSEND = YES;
				ENABLE_TESTABILITY = YES;
				GCC_C_LANGUAGE_STANDARD = gnu11;
				GCC_DYNAMIC_NO_PIC = NO;
				GCC_NO_COMMON_BLOCKS = YES;
				GCC_OPTIMIZATION_LEVEL = 0;
				GCC_PREPROCESSOR_DEFINITIONS = (
					"DEBUG=1",
					"$(inherited)",
				);
				GCC_WARN_64_TO_32_BIT_CONVERSION = YES;
				GCC_WARN_ABOUT_RETURN_TYPE = YES_ERROR;
				GCC_WARN_UNDECLARED_SELECTOR = YES;
				GCC_WARN_UNINITIALIZED_AUTOS = YES_AGGRESSIVE;
				GCC_WARN_UNUSED_FUNCTION = YES;
				GCC_WARN_UNUSED_VARIABLE = YES;
				IPHONEOS_DEPLOYMENT_TARGET = 16.0;
				MTL_ENABLE_DEBUG_INFO = INCLUDE_SOURCE;
				MTL_FAST_MATH = YES;
				ONLY_ACTIVE_ARCH = YES;
				SDKROOT = iphoneos;
				SWIFT_ACTIVE_COMPILATION_CONDITIONS = DEBUG;
				SWIFT_OPTIMIZATION_LEVEL = "-Onone";
			};
			name = Debug;
		};
		7BD8E87B28D30A56007CC8A2 /* Release */ = {
			isa = XCBuildConfiguration;
			buildSettings = {
				ALWAYS_SEARCH_USER_PATHS = NO;
				CLANG_ANALYZER_NONNULL = YES;
				CLANG_ANALYZER_NUMBER_OBJECT_CONVERSION = YES_AGGRESSIVE;
				CLANG_CXX_LANGUAGE_STANDARD = "gnu++20";
				CLANG_ENABLE_MODULES = YES;
				CLANG_ENABLE_OBJC_ARC = YES;
				CLANG_ENABLE_OBJC_WEAK = YES;
				CLANG_WARN_BLOCK_CAPTURE_AUTORELEASING = YES;
				CLANG_WARN_BOOL_CONVERSION = YES;
				CLANG_WARN_COMMA = YES;
				CLANG_WARN_CONSTANT_CONVERSION = YES;
				CLANG_WARN_DEPRECATED_OBJC_IMPLEMENTATIONS = YES;
				CLANG_WARN_DIRECT_OBJC_ISA_USAGE = YES_ERROR;
				CLANG_WARN_DOCUMENTATION_COMMENTS = YES;
				CLANG_WARN_EMPTY_BODY = YES;
				CLANG_WARN_ENUM_CONVERSION = YES;
				CLANG_WARN_INFINITE_RECURSION = YES;
				CLANG_WARN_INT_CONVERSION = YES;
				CLANG_WARN_NON_LITERAL_NULL_CONVERSION = YES;
				CLANG_WARN_OBJC_IMPLICIT_RETAIN_SELF = YES;
				CLANG_WARN_OBJC_LITERAL_CONVERSION = YES;
				CLANG_WARN_OBJC_ROOT_CLASS = YES_ERROR;
				CLANG_WARN_QUOTED_INCLUDE_IN_FRAMEWORK_HEADER = YES;
				CLANG_WARN_RANGE_LOOP_ANALYSIS = YES;
				CLANG_WARN_STRICT_PROTOTYPES = YES;
				CLANG_WARN_SUSPICIOUS_MOVE = YES;
				CLANG_WARN_UNGUARDED_AVAILABILITY = YES_AGGRESSIVE;
				CLANG_WARN_UNREACHABLE_CODE = YES;
				CLANG_WARN__DUPLICATE_METHOD_MATCH = YES;
				COPY_PHASE_STRIP = NO;
				DEBUG_INFORMATION_FORMAT = "dwarf-with-dsym";
				ENABLE_NS_ASSERTIONS = NO;
				ENABLE_STRICT_OBJC_MSGSEND = YES;
				GCC_C_LANGUAGE_STANDARD = gnu11;
				GCC_NO_COMMON_BLOCKS = YES;
				GCC_WARN_64_TO_32_BIT_CONVERSION = YES;
				GCC_WARN_ABOUT_RETURN_TYPE = YES_ERROR;
				GCC_WARN_UNDECLARED_SELECTOR = YES;
				GCC_WARN_UNINITIALIZED_AUTOS = YES_AGGRESSIVE;
				GCC_WARN_UNUSED_FUNCTION = YES;
				GCC_WARN_UNUSED_VARIABLE = YES;
				IPHONEOS_DEPLOYMENT_TARGET = 16.0;
				MTL_ENABLE_DEBUG_INFO = NO;
				MTL_FAST_MATH = YES;
				SDKROOT = iphoneos;
				SWIFT_COMPILATION_MODE = wholemodule;
				SWIFT_OPTIMIZATION_LEVEL = "-O";
				VALIDATE_PRODUCT = YES;
			};
			name = Release;
		};
		7BD8E87D28D30A56007CC8A2 /* Debug */ = {
			isa = XCBuildConfiguration;
			baseConfigurationReference = 8BC170978C118E8467CAE274 /* Pods-URL Shortner App.debug.xcconfig */;
			buildSettings = {
				ASSETCATALOG_COMPILER_APPICON_NAME = AppIcon;
				ASSETCATALOG_COMPILER_GLOBAL_ACCENT_COLOR_NAME = AccentColor;
				CODE_SIGN_STYLE = Automatic;
				CURRENT_PROJECT_VERSION = 1;
				GENERATE_INFOPLIST_FILE = YES;
				INFOPLIST_FILE = "URL Shortner App/Info.plist";
				INFOPLIST_KEY_UIApplicationSupportsIndirectInputEvents = YES;
				INFOPLIST_KEY_UILaunchStoryboardName = LaunchScreen;
				INFOPLIST_KEY_UIMainStoryboardFile = Main;
				INFOPLIST_KEY_UISupportedInterfaceOrientations_iPad = "UIInterfaceOrientationPortrait UIInterfaceOrientationPortraitUpsideDown UIInterfaceOrientationLandscapeLeft UIInterfaceOrientationLandscapeRight";
				INFOPLIST_KEY_UISupportedInterfaceOrientations_iPhone = "UIInterfaceOrientationPortrait UIInterfaceOrientationLandscapeLeft UIInterfaceOrientationLandscapeRight";
				IPHONEOS_DEPLOYMENT_TARGET = 14.0;
				LD_RUNPATH_SEARCH_PATHS = (
					"$(inherited)",
					"@executable_path/Frameworks",
				);
				MARKETING_VERSION = 1.0;
				PRODUCT_BUNDLE_IDENTIFIER = "com.aliafzal.URL-Shortner-App";
				PRODUCT_NAME = "$(TARGET_NAME)";
				SWIFT_EMIT_LOC_STRINGS = YES;
				SWIFT_VERSION = 5.0;
				TARGETED_DEVICE_FAMILY = "1,2";
			};
			name = Debug;
		};
		7BD8E87E28D30A56007CC8A2 /* Release */ = {
			isa = XCBuildConfiguration;
			baseConfigurationReference = 45F7123ED91439D3C29C2F68 /* Pods-URL Shortner App.release.xcconfig */;
			buildSettings = {
				ASSETCATALOG_COMPILER_APPICON_NAME = AppIcon;
				ASSETCATALOG_COMPILER_GLOBAL_ACCENT_COLOR_NAME = AccentColor;
				CODE_SIGN_STYLE = Automatic;
				CURRENT_PROJECT_VERSION = 1;
				GENERATE_INFOPLIST_FILE = YES;
				INFOPLIST_FILE = "URL Shortner App/Info.plist";
				INFOPLIST_KEY_UIApplicationSupportsIndirectInputEvents = YES;
				INFOPLIST_KEY_UILaunchStoryboardName = LaunchScreen;
				INFOPLIST_KEY_UIMainStoryboardFile = Main;
				INFOPLIST_KEY_UISupportedInterfaceOrientations_iPad = "UIInterfaceOrientationPortrait UIInterfaceOrientationPortraitUpsideDown UIInterfaceOrientationLandscapeLeft UIInterfaceOrientationLandscapeRight";
				INFOPLIST_KEY_UISupportedInterfaceOrientations_iPhone = "UIInterfaceOrientationPortrait UIInterfaceOrientationLandscapeLeft UIInterfaceOrientationLandscapeRight";
				IPHONEOS_DEPLOYMENT_TARGET = 14.0;
				LD_RUNPATH_SEARCH_PATHS = (
					"$(inherited)",
					"@executable_path/Frameworks",
				);
				MARKETING_VERSION = 1.0;
				PRODUCT_BUNDLE_IDENTIFIER = "com.aliafzal.URL-Shortner-App";
				PRODUCT_NAME = "$(TARGET_NAME)";
				SWIFT_EMIT_LOC_STRINGS = YES;
				SWIFT_VERSION = 5.0;
				TARGETED_DEVICE_FAMILY = "1,2";
			};
			name = Release;
		};
		7BD8E88028D30A56007CC8A2 /* Debug */ = {
			isa = XCBuildConfiguration;
			baseConfigurationReference = DC03B2FED77032B239159948 /* Pods-URL Shortner AppTests.debug.xcconfig */;
			buildSettings = {
				ALWAYS_EMBED_SWIFT_STANDARD_LIBRARIES = YES;
				BUNDLE_LOADER = "$(TEST_HOST)";
				CODE_SIGN_STYLE = Automatic;
				CURRENT_PROJECT_VERSION = 1;
				GENERATE_INFOPLIST_FILE = YES;
				IPHONEOS_DEPLOYMENT_TARGET = 16.0;
				MARKETING_VERSION = 1.0;
				PRODUCT_BUNDLE_IDENTIFIER = "com.aliafzal.URL-Shortner-AppTests";
				PRODUCT_NAME = "$(TARGET_NAME)";
				SWIFT_EMIT_LOC_STRINGS = NO;
				SWIFT_VERSION = 5.0;
				TARGETED_DEVICE_FAMILY = "1,2";
				TEST_HOST = "$(BUILT_PRODUCTS_DIR)/URL Shortner App.app/$(BUNDLE_EXECUTABLE_FOLDER_PATH)/URL Shortner App";
			};
			name = Debug;
		};
		7BD8E88128D30A56007CC8A2 /* Release */ = {
			isa = XCBuildConfiguration;
			baseConfigurationReference = EFED59E148E2B1CE12C7D311 /* Pods-URL Shortner AppTests.release.xcconfig */;
			buildSettings = {
				ALWAYS_EMBED_SWIFT_STANDARD_LIBRARIES = YES;
				BUNDLE_LOADER = "$(TEST_HOST)";
				CODE_SIGN_STYLE = Automatic;
				CURRENT_PROJECT_VERSION = 1;
				GENERATE_INFOPLIST_FILE = YES;
				IPHONEOS_DEPLOYMENT_TARGET = 16.0;
				MARKETING_VERSION = 1.0;
				PRODUCT_BUNDLE_IDENTIFIER = "com.aliafzal.URL-Shortner-AppTests";
				PRODUCT_NAME = "$(TARGET_NAME)";
				SWIFT_EMIT_LOC_STRINGS = NO;
				SWIFT_VERSION = 5.0;
				TARGETED_DEVICE_FAMILY = "1,2";
				TEST_HOST = "$(BUILT_PRODUCTS_DIR)/URL Shortner App.app/$(BUNDLE_EXECUTABLE_FOLDER_PATH)/URL Shortner App";
			};
			name = Release;
		};
		7BD8E88328D30A56007CC8A2 /* Debug */ = {
			isa = XCBuildConfiguration;
			baseConfigurationReference = 3EC82ABADC01839B97D07AAF /* Pods-URL Shortner App-URL Shortner AppUITests.debug.xcconfig */;
			buildSettings = {
				ALWAYS_EMBED_SWIFT_STANDARD_LIBRARIES = YES;
				CODE_SIGN_STYLE = Automatic;
				CURRENT_PROJECT_VERSION = 1;
				GENERATE_INFOPLIST_FILE = YES;
				MARKETING_VERSION = 1.0;
				PRODUCT_BUNDLE_IDENTIFIER = "com.aliafzal.URL-Shortner-AppUITests";
				PRODUCT_NAME = "$(TARGET_NAME)";
				SWIFT_EMIT_LOC_STRINGS = NO;
				SWIFT_VERSION = 5.0;
				TARGETED_DEVICE_FAMILY = "1,2";
				TEST_TARGET_NAME = "URL Shortner App";
			};
			name = Debug;
		};
		7BD8E88428D30A56007CC8A2 /* Release */ = {
			isa = XCBuildConfiguration;
			baseConfigurationReference = 3396DE6E7557D26CE9121D15 /* Pods-URL Shortner App-URL Shortner AppUITests.release.xcconfig */;
			buildSettings = {
				ALWAYS_EMBED_SWIFT_STANDARD_LIBRARIES = YES;
				CODE_SIGN_STYLE = Automatic;
				CURRENT_PROJECT_VERSION = 1;
				GENERATE_INFOPLIST_FILE = YES;
				MARKETING_VERSION = 1.0;
				PRODUCT_BUNDLE_IDENTIFIER = "com.aliafzal.URL-Shortner-AppUITests";
				PRODUCT_NAME = "$(TARGET_NAME)";
				SWIFT_EMIT_LOC_STRINGS = NO;
				SWIFT_VERSION = 5.0;
				TARGETED_DEVICE_FAMILY = "1,2";
				TEST_TARGET_NAME = "URL Shortner App";
			};
			name = Release;
		};
/* End XCBuildConfiguration section */

/* Begin XCConfigurationList section */
		7BD8E84D28D30A55007CC8A2 /* Build configuration list for PBXProject "URL Shortner App" */ = {
			isa = XCConfigurationList;
			buildConfigurations = (
				7BD8E87A28D30A56007CC8A2 /* Debug */,
				7BD8E87B28D30A56007CC8A2 /* Release */,
			);
			defaultConfigurationIsVisible = 0;
			defaultConfigurationName = Release;
		};
		7BD8E87C28D30A56007CC8A2 /* Build configuration list for PBXNativeTarget "URL Shortner App" */ = {
			isa = XCConfigurationList;
			buildConfigurations = (
				7BD8E87D28D30A56007CC8A2 /* Debug */,
				7BD8E87E28D30A56007CC8A2 /* Release */,
			);
			defaultConfigurationIsVisible = 0;
			defaultConfigurationName = Release;
		};
		7BD8E87F28D30A56007CC8A2 /* Build configuration list for PBXNativeTarget "URL Shortner AppTests" */ = {
			isa = XCConfigurationList;
			buildConfigurations = (
				7BD8E88028D30A56007CC8A2 /* Debug */,
				7BD8E88128D30A56007CC8A2 /* Release */,
			);
			defaultConfigurationIsVisible = 0;
			defaultConfigurationName = Release;
		};
		7BD8E88228D30A56007CC8A2 /* Build configuration list for PBXNativeTarget "URL Shortner AppUITests" */ = {
			isa = XCConfigurationList;
			buildConfigurations = (
				7BD8E88328D30A56007CC8A2 /* Debug */,
				7BD8E88428D30A56007CC8A2 /* Release */,
			);
			defaultConfigurationIsVisible = 0;
			defaultConfigurationName = Release;
		};
/* End XCConfigurationList section */

/* Begin XCVersionGroup section */
		7B588A5E28F44C4900D44AAE /* DataModel.xcdatamodeld */ = {
			isa = XCVersionGroup;
			children = (
				7B588A5F28F44C4900D44AAE /* DataModel.xcdatamodel */,
			);
			currentVersion = 7B588A5F28F44C4900D44AAE /* DataModel.xcdatamodel */;
			path = DataModel.xcdatamodeld;
			sourceTree = "<group>";
			versionGroupType = wrapper.xcdatamodel;
		};
/* End XCVersionGroup section */
	};
	rootObject = 7BD8E84A28D30A55007CC8A2 /* Project object */;
}
